
Microsoft Visual Studio Solution File, Format Version 12.00
# Visual Studio Version 17
VisualStudioVersion = 17.0.32112.339
MinimumVisualStudioVersion = 10.0.40219.1
Project("{2150E333-8FDC-42A3-9474-1A3956D46DE8}") = "repo-items", "repo-items", "{48E6F909-E1C0-4187-A79B-BD2019FDF31B}"
	ProjectSection(SolutionItems) = preProject
		.gitignore = .gitignore
		CONTRIBUTING.md = CONTRIBUTING.md
		README.md = README.md
	EndProjectSection
EndProject
Project("{9A19103F-16F7-4668-BE54-9A1E7A4F7556}") = "Ozym.API", "Ozym.API\Ozym.API.csproj", "{FC9329A5-3CFF-44ED-99E9-141ADC55C6C5}"
EndProject
Project("{9A19103F-16F7-4668-BE54-9A1E7A4F7556}") = "Ozym.API.Test", "Ozym.API.Test\Ozym.API.Test.csproj", "{4C46AF22-F459-4B81-A976-82B478D16BB1}"
EndProject
Project("{9A19103F-16F7-4668-BE54-9A1E7A4F7556}") = "Ozym.DAL", "Ozym.DAL\Ozym.DAL.csproj", "{F4F5B69C-A774-4412-9464-5AFC878AD5FF}"
EndProject
Project("{9A19103F-16F7-4668-BE54-9A1E7A4F7556}") = "Ozym.DAL.Test", "Ozym.DAL.Test\Ozym.DAL.Test.csproj", "{AEB6D616-508A-4AA3-B490-F90AF1D4E169}"
EndProject
Project("{9A19103F-16F7-4668-BE54-9A1E7A4F7556}") = "Ozym.EntityModel", "Ozym.EntityModel\Ozym.EntityModel.csproj", "{6EBBB2A2-ED41-44FD-806E-D07C4BABD15F}"
EndProject
Project("{9A19103F-16F7-4668-BE54-9A1E7A4F7556}") = "Ozym.EntityMigration", "Ozym.EntityMigration\Ozym.EntityMigration.csproj", "{641305BE-4889-406A-A017-EF38A69B8263}"
EndProject
Project("{9A19103F-16F7-4668-BE54-9A1E7A4F7556}") = "Ozym.Web", "Ozym.Web\Ozym.Web.csproj", "{C56BA965-51AA-4913-94D7-AF19DC2E1243}"
EndProject
Project("{9A19103F-16F7-4668-BE54-9A1E7A4F7556}") = "Ozym.Web.Test", "Ozym.Web.Test\Ozym.Web.Test.csproj", "{2AAD1729-E635-4A53-9F58-914A2A81220A}"
EndProject
Project("{2150E333-8FDC-42A3-9474-1A3956D46DE8}") = "scripts", "scripts", "{4BFBE020-17A3-4116-B9E7-E0A23D93CD74}"
	ProjectSection(SolutionItems) = preProject
		scripts\Add-Migration-OzymIdentity.bat = scripts\Add-Migration-OzymIdentity.bat
		scripts\Add-Migration-OzymWorks.bat = scripts\Add-Migration-OzymWorks.bat
		scripts\Bundle-Migration-OzymWorks.bat = scripts\Bundle-Migration-OzymWorks.bat
		scripts\run-code-coverage.sh = scripts\run-code-coverage.sh
		scripts\UpdateDb-OzymIdentity.bat = scripts\UpdateDb-OzymIdentity.bat
		scripts\UpdateDb-OzymWorks.bat = scripts\UpdateDb-OzymWorks.bat
	EndProjectSection
EndProject
Project("{E53339B2-1760-4266-BCC7-CA923CBCF16C}") = "docker-compose", "docker-compose.dcproj", "{5769EFBB-8250-451A-9587-9FA738ED4167}"
EndProject
Project("{2150E333-8FDC-42A3-9474-1A3956D46DE8}") = "installers", "installers", "{8A2F0D97-F6C1-4799-822D-6B33F5270534}"
EndProject
Project("{2150E333-8FDC-42A3-9474-1A3956D46DE8}") = "docker", "docker", "{2E76284E-D3D2-4B70-8E33-20012369A6A8}"
	ProjectSection(SolutionItems) = preProject
		installers\docker-compose.yml = installers\docker-compose.yml
		installers\init-ozym-db.sh = installers\init-ozym-db.sh
		installers\init-ozym-db.sql = installers\init-ozym-db.sql
		installers\install-ozym-docker-win.sh = installers\install-ozym-docker-win.sh
		installers\migrate-sample-data.sh = installers\migrate-sample-data.sh
		installers\README.md = installers\README.md
	EndProjectSection
EndProject
Global
	GlobalSection(SolutionConfigurationPlatforms) = preSolution
		Debug|Any CPU = Debug|Any CPU
		Release|Any CPU = Release|Any CPU
	EndGlobalSection
	GlobalSection(ProjectConfigurationPlatforms) = postSolution
		{FC9329A5-3CFF-44ED-99E9-141ADC55C6C5}.Debug|Any CPU.ActiveCfg = Debug|Any CPU
		{FC9329A5-3CFF-44ED-99E9-141ADC55C6C5}.Debug|Any CPU.Build.0 = Debug|Any CPU
		{FC9329A5-3CFF-44ED-99E9-141ADC55C6C5}.Release|Any CPU.ActiveCfg = Release|Any CPU
		{FC9329A5-3CFF-44ED-99E9-141ADC55C6C5}.Release|Any CPU.Build.0 = Release|Any CPU
		{4C46AF22-F459-4B81-A976-82B478D16BB1}.Debug|Any CPU.ActiveCfg = Debug|Any CPU
		{4C46AF22-F459-4B81-A976-82B478D16BB1}.Debug|Any CPU.Build.0 = Debug|Any CPU
		{4C46AF22-F459-4B81-A976-82B478D16BB1}.Release|Any CPU.ActiveCfg = Release|Any CPU
		{4C46AF22-F459-4B81-A976-82B478D16BB1}.Release|Any CPU.Build.0 = Release|Any CPU
		{F4F5B69C-A774-4412-9464-5AFC878AD5FF}.Debug|Any CPU.ActiveCfg = Debug|Any CPU
		{F4F5B69C-A774-4412-9464-5AFC878AD5FF}.Debug|Any CPU.Build.0 = Debug|Any CPU
		{F4F5B69C-A774-4412-9464-5AFC878AD5FF}.Release|Any CPU.ActiveCfg = Release|Any CPU
		{F4F5B69C-A774-4412-9464-5AFC878AD5FF}.Release|Any CPU.Build.0 = Release|Any CPU
		{AEB6D616-508A-4AA3-B490-F90AF1D4E169}.Debug|Any CPU.ActiveCfg = Debug|Any CPU
		{AEB6D616-508A-4AA3-B490-F90AF1D4E169}.Debug|Any CPU.Build.0 = Debug|Any CPU
		{AEB6D616-508A-4AA3-B490-F90AF1D4E169}.Release|Any CPU.ActiveCfg = Release|Any CPU
		{AEB6D616-508A-4AA3-B490-F90AF1D4E169}.Release|Any CPU.Build.0 = Release|Any CPU
		{6EBBB2A2-ED41-44FD-806E-D07C4BABD15F}.Debug|Any CPU.ActiveCfg = Debug|Any CPU
		{6EBBB2A2-ED41-44FD-806E-D07C4BABD15F}.Debug|Any CPU.Build.0 = Debug|Any CPU
		{6EBBB2A2-ED41-44FD-806E-D07C4BABD15F}.Release|Any CPU.ActiveCfg = Release|Any CPU
		{6EBBB2A2-ED41-44FD-806E-D07C4BABD15F}.Release|Any CPU.Build.0 = Release|Any CPU
		{641305BE-4889-406A-A017-EF38A69B8263}.Debug|Any CPU.ActiveCfg = Debug|Any CPU
		{641305BE-4889-406A-A017-EF38A69B8263}.Debug|Any CPU.Build.0 = Debug|Any CPU
		{641305BE-4889-406A-A017-EF38A69B8263}.Release|Any CPU.ActiveCfg = Release|Any CPU
		{641305BE-4889-406A-A017-EF38A69B8263}.Release|Any CPU.Build.0 = Release|Any CPU
		{C56BA965-51AA-4913-94D7-AF19DC2E1243}.Debug|Any CPU.ActiveCfg = Debug|Any CPU
		{C56BA965-51AA-4913-94D7-AF19DC2E1243}.Debug|Any CPU.Build.0 = Debug|Any CPU
		{C56BA965-51AA-4913-94D7-AF19DC2E1243}.Release|Any CPU.ActiveCfg = Release|Any CPU
		{C56BA965-51AA-4913-94D7-AF19DC2E1243}.Release|Any CPU.Build.0 = Release|Any CPU
		{2AAD1729-E635-4A53-9F58-914A2A81220A}.Debug|Any CPU.ActiveCfg = Debug|Any CPU
		{2AAD1729-E635-4A53-9F58-914A2A81220A}.Debug|Any CPU.Build.0 = Debug|Any CPU
		{2AAD1729-E635-4A53-9F58-914A2A81220A}.Release|Any CPU.ActiveCfg = Release|Any CPU
		{2AAD1729-E635-4A53-9F58-914A2A81220A}.Release|Any CPU.Build.0 = Release|Any CPU
		{5769EFBB-8250-451A-9587-9FA738ED4167}.Debug|Any CPU.ActiveCfg = Debug|Any CPU
		{5769EFBB-8250-451A-9587-9FA738ED4167}.Debug|Any CPU.Build.0 = Debug|Any CPU
		{5769EFBB-8250-451A-9587-9FA738ED4167}.Release|Any CPU.ActiveCfg = Release|Any CPU
		{5769EFBB-8250-451A-9587-9FA738ED4167}.Release|Any CPU.Build.0 = Release|Any CPU
	EndGlobalSection
	GlobalSection(SolutionProperties) = preSolution
		HideSolutionNode = FALSE
	EndGlobalSection
	GlobalSection(NestedProjects) = preSolution
		{2E76284E-D3D2-4B70-8E33-20012369A6A8} = {8A2F0D97-F6C1-4799-822D-6B33F5270534}
	EndGlobalSection
	GlobalSection(ExtensibilityGlobals) = postSolution
		SolutionGuid = {3C6E1D3C-5606-4AC9-88DC-2007F80638AD}
	EndGlobalSection
EndGlobal
